
Microsoft Visual Studio Solution File, Format Version 12.00
# Visual Studio Version 17
VisualStudioVersion = 17.9.34902.65
MinimumVisualStudioVersion = 10.0.40219.1
Project("{9A19103F-16F7-4668-BE54-9A1E7A4F7556}") = "RestaurantReviews2024", "RestaurantReviews2024\RestaurantReviews2024.csproj", "{105666EE-7994-45B6-B4C0-D5A12D147942}"
EndProject
Project("{9A19103F-16F7-4668-BE54-9A1E7A4F7556}") = "RestaurantReviewsShared", "RestaurantReviewsShared\RestaurantReviewsShared.csproj", "{4D0602D7-1E50-44BA-B591-7BDEB2A62CD2}"
EndProject
Project("{9A19103F-16F7-4668-BE54-9A1E7A4F7556}") = "RestaurantReviewsUI", "RestaurantReviewsUI\RestaurantReviewsUI.csproj", "{C3089629-72F0-4607-B706-045851119188}"
EndProject
Project("{9A19103F-16F7-4668-BE54-9A1E7A4F7556}") = "RestaurantReviews2024.Server", "RestaurantReviews2024.Server\RestaurantReviews2024.Server.csproj", "{887FE5F5-219D-457D-95BC-D046AB7333B4}"
EndProject
Project("{FAE04EC0-301F-11D3-BF4B-00C04F79EFBC}") = "RestaurantReviews2024.App", "RestaurantReviews2024.App\RestaurantReviews2024.App.csproj", "{D82EAD7B-FD7D-4875-AC43-C9FE051150DD}"
EndProject
Global
	GlobalSection(SolutionConfigurationPlatforms) = preSolution
		Debug|Any CPU = Debug|Any CPU
		Release|Any CPU = Release|Any CPU
	EndGlobalSection
	GlobalSection(ProjectConfigurationPlatforms) = postSolution
		{105666EE-7994-45B6-B4C0-D5A12D147942}.Debug|Any CPU.ActiveCfg = Debug|Any CPU
		{105666EE-7994-45B6-B4C0-D5A12D147942}.Debug|Any CPU.Build.0 = Debug|Any CPU
		{105666EE-7994-45B6-B4C0-D5A12D147942}.Release|Any CPU.ActiveCfg = Release|Any CPU
		{105666EE-7994-45B6-B4C0-D5A12D147942}.Release|Any CPU.Build.0 = Release|Any CPU
		{4D0602D7-1E50-44BA-B591-7BDEB2A62CD2}.Debug|Any CPU.ActiveCfg = Debug|Any CPU
		{4D0602D7-1E50-44BA-B591-7BDEB2A62CD2}.Debug|Any CPU.Build.0 = Debug|Any CPU
		{4D0602D7-1E50-44BA-B591-7BDEB2A62CD2}.Release|Any CPU.ActiveCfg = Release|Any CPU
		{4D0602D7-1E50-44BA-B591-7BDEB2A62CD2}.Release|Any CPU.Build.0 = Release|Any CPU
		{C3089629-72F0-4607-B706-045851119188}.Debug|Any CPU.ActiveCfg = Debug|Any CPU
		{C3089629-72F0-4607-B706-045851119188}.Debug|Any CPU.Build.0 = Debug|Any CPU
		{C3089629-72F0-4607-B706-045851119188}.Release|Any CPU.ActiveCfg = Release|Any CPU
		{C3089629-72F0-4607-B706-045851119188}.Release|Any CPU.Build.0 = Release|Any CPU
		{887FE5F5-219D-457D-95BC-D046AB7333B4}.Debug|Any CPU.ActiveCfg = Debug|Any CPU
		{887FE5F5-219D-457D-95BC-D046AB7333B4}.Debug|Any CPU.Build.0 = Debug|Any CPU
		{887FE5F5-219D-457D-95BC-D046AB7333B4}.Release|Any CPU.ActiveCfg = Release|Any CPU
		{887FE5F5-219D-457D-95BC-D046AB7333B4}.Release|Any CPU.Build.0 = Release|Any CPU
		{D82EAD7B-FD7D-4875-AC43-C9FE051150DD}.Debug|Any CPU.ActiveCfg = Debug|Any CPU
		{D82EAD7B-FD7D-4875-AC43-C9FE051150DD}.Debug|Any CPU.Build.0 = Debug|Any CPU
		{D82EAD7B-FD7D-4875-AC43-C9FE051150DD}.Release|Any CPU.ActiveCfg = Release|Any CPU
		{D82EAD7B-FD7D-4875-AC43-C9FE051150DD}.Release|Any CPU.Build.0 = Release|Any CPU
	EndGlobalSection
	GlobalSection(SolutionProperties) = preSolution
		HideSolutionNode = FALSE
	EndGlobalSection
	GlobalSection(ExtensibilityGlobals) = postSolution
		SolutionGuid = {D454D969-5A0F-4D89-ADD5-AB033242E8AA}
	EndGlobalSection
EndGlobal
